
Microsoft Visual Studio Solution File, Format Version 12.00
# Visual Studio Version 17
VisualStudioVersion = 17.0.32014.148
MinimumVisualStudioVersion = 10.0.40219.1
Project("{9A19103F-16F7-4668-BE54-9A1E7A4F7556}") = "DIHelper", "DIHelper\DIHelper.csproj", "{5CE414B2-0645-441A-82EF-D2A8DBB0ACC3}"
EndProject
Project("{9A19103F-16F7-4668-BE54-9A1E7A4F7556}") = "DIHelper.Tests", "DIHelper.Tests\DIHelper.Tests.csproj", "{4B69886E-C39E-48E0-89DE-E4EABEA2579B}"
EndProject
Project("{9A19103F-16F7-4668-BE54-9A1E7A4F7556}") = "CommandDotNet.IoC.Unity", "CommandDotNet.IoC.Unity\CommandDotNet.IoC.Unity.csproj", "{7737F541-1E98-45F5-B168-4042592C37D5}"
EndProject
Global
	GlobalSection(SolutionConfigurationPlatforms) = preSolution
		Debug|Any CPU = Debug|Any CPU
		Release|Any CPU = Release|Any CPU
	EndGlobalSection
	GlobalSection(ProjectConfigurationPlatforms) = postSolution
		{5CE414B2-0645-441A-82EF-D2A8DBB0ACC3}.Debug|Any CPU.ActiveCfg = Debug|Any CPU
		{5CE414B2-0645-441A-82EF-D2A8DBB0ACC3}.Debug|Any CPU.Build.0 = Debug|Any CPU
		{5CE414B2-0645-441A-82EF-D2A8DBB0ACC3}.Release|Any CPU.ActiveCfg = Release|Any CPU
		{5CE414B2-0645-441A-82EF-D2A8DBB0ACC3}.Release|Any CPU.Build.0 = Release|Any CPU
		{4B69886E-C39E-48E0-89DE-E4EABEA2579B}.Debug|Any CPU.ActiveCfg = Debug|Any CPU
		{4B69886E-C39E-48E0-89DE-E4EABEA2579B}.Debug|Any CPU.Build.0 = Debug|Any CPU
		{4B69886E-C39E-48E0-89DE-E4EABEA2579B}.Release|Any CPU.ActiveCfg = Release|Any CPU
		{4B69886E-C39E-48E0-89DE-E4EABEA2579B}.Release|Any CPU.Build.0 = Release|Any CPU
		{7737F541-1E98-45F5-B168-4042592C37D5}.Debug|Any CPU.ActiveCfg = Debug|Any CPU
		{7737F541-1E98-45F5-B168-4042592C37D5}.Debug|Any CPU.Build.0 = Debug|Any CPU
		{7737F541-1E98-45F5-B168-4042592C37D5}.Release|Any CPU.ActiveCfg = Release|Any CPU
		{7737F541-1E98-45F5-B168-4042592C37D5}.Release|Any CPU.Build.0 = Release|Any CPU
	EndGlobalSection
	GlobalSection(SolutionProperties) = preSolution
		HideSolutionNode = FALSE
	EndGlobalSection
	GlobalSection(ExtensibilityGlobals) = postSolution
		SolutionGuid = {2810FD53-DC79-4F25-B6F9-9516098E651A}
	EndGlobalSection
EndGlobal
